// !$*UTF8*$!
{
	archiveVersion = 1;
	classes = {
	};
	objectVersion = 46;
	objects = {

/* Begin PBXBuildFile section */
		01FA29DB20993E6B00261423 /* XFCameraPemission.m in Sources */ = {isa = PBXBuildFile; fileRef = 01FA29D920993E6A00261423 /* XFCameraPemission.m */; };
		78BCA1361DAF5FB900006DF7 /* main.m in Sources */ = {isa = PBXBuildFile; fileRef = 78BCA1351DAF5FB900006DF7 /* main.m */; };
		78BCA1391DAF5FB900006DF7 /* AppDelegate.m in Sources */ = {isa = PBXBuildFile; fileRef = 78BCA1381DAF5FB900006DF7 /* AppDelegate.m */; };
		78BCA13F1DAF5FB900006DF7 /* XFCameraViewController.storyboard in Resources */ = {isa = PBXBuildFile; fileRef = 78BCA13D1DAF5FB900006DF7 /* XFCameraViewController.storyboard */; };
		78BCA1411DAF5FB900006DF7 /* Assets.xcassets in Resources */ = {isa = PBXBuildFile; fileRef = 78BCA1401DAF5FB900006DF7 /* Assets.xcassets */; };
		78BCA1441DAF5FB900006DF7 /* LaunchScreen.storyboard in Resources */ = {isa = PBXBuildFile; fileRef = 78BCA1421DAF5FB900006DF7 /* LaunchScreen.storyboard */; };
		78BCA14E1DAF711000006DF7 /* XFConfirmViewController.m in Sources */ = {isa = PBXBuildFile; fileRef = 78BCA14C1DAF711000006DF7 /* XFConfirmViewController.m */; };
		78BCA14F1DAF711000006DF7 /* XFConfirmViewController.xib in Resources */ = {isa = PBXBuildFile; fileRef = 78BCA14D1DAF711000006DF7 /* XFConfirmViewController.xib */; };
		78BFF7721DB0628100BDECB7 /* XFCameraViewController.m in Sources */ = {isa = PBXBuildFile; fileRef = 78BFF7711DB0628100BDECB7 /* XFCameraViewController.m */; };
/* End PBXBuildFile section */

/* Begin PBXFileReference section */
		01FA29D920993E6A00261423 /* XFCameraPemission.m */ = {isa = PBXFileReference; fileEncoding = 4; lastKnownFileType = sourcecode.c.objc; path = XFCameraPemission.m; sourceTree = "<group>"; };
		01FA29DA20993E6A00261423 /* XFCameraPemission.h */ = {isa = PBXFileReference; fileEncoding = 4; lastKnownFileType = sourcecode.c.h; path = XFCameraPemission.h; sourceTree = "<group>"; };
		78BCA1311DAF5FB900006DF7 /* XFCamera.app */ = {isa = PBXFileReference; explicitFileType = wrapper.application; includeInIndex = 0; path = XFCamera.app; sourceTree = BUILT_PRODUCTS_DIR; };
		78BCA1351DAF5FB900006DF7 /* main.m */ = {isa = PBXFileReference; lastKnownFileType = sourcecode.c.objc; path = main.m; sourceTree = "<group>"; };
		78BCA1371DAF5FB900006DF7 /* AppDelegate.h */ = {isa = PBXFileReference; lastKnownFileType = sourcecode.c.h; path = AppDelegate.h; sourceTree = "<group>"; };
		78BCA1381DAF5FB900006DF7 /* AppDelegate.m */ = {isa = PBXFileReference; lastKnownFileType = sourcecode.c.objc; path = AppDelegate.m; sourceTree = "<group>"; };
		78BCA13E1DAF5FB900006DF7 /* Base */ = {isa = PBXFileReference; lastKnownFileType = file.storyboard; name = Base; path = Base.lproj/XFCameraViewController.storyboard; sourceTree = "<group>"; };
		78BCA1401DAF5FB900006DF7 /* Assets.xcassets */ = {isa = PBXFileReference; lastKnownFileType = folder.assetcatalog; path = Assets.xcassets; sourceTree = "<group>"; };
		78BCA1431DAF5FB900006DF7 /* Base */ = {isa = PBXFileReference; lastKnownFileType = file.storyboard; name = Base; path = Base.lproj/LaunchScreen.storyboard; sourceTree = "<group>"; };
		78BCA1451DAF5FB900006DF7 /* Info.plist */ = {isa = PBXFileReference; lastKnownFileType = text.plist.xml; path = Info.plist; sourceTree = "<group>"; };
		78BCA14B1DAF711000006DF7 /* XFConfirmViewController.h */ = {isa = PBXFileReference; fileEncoding = 4; lastKnownFileType = sourcecode.c.h; path = XFConfirmViewController.h; sourceTree = "<group>"; };
		78BCA14C1DAF711000006DF7 /* XFConfirmViewController.m */ = {isa = PBXFileReference; fileEncoding = 4; lastKnownFileType = sourcecode.c.objc; path = XFConfirmViewController.m; sourceTree = "<group>"; };
		78BCA14D1DAF711000006DF7 /* XFConfirmViewController.xib */ = {isa = PBXFileReference; fileEncoding = 4; lastKnownFileType = file.xib; path = XFConfirmViewController.xib; sourceTree = "<group>"; };
		78BFF7701DB0628100BDECB7 /* XFCameraViewController.h */ = {isa = PBXFileReference; fileEncoding = 4; lastKnownFileType = sourcecode.c.h; path = XFCameraViewController.h; sourceTree = "<group>"; };
		78BFF7711DB0628100BDECB7 /* XFCameraViewController.m */ = {isa = PBXFileReference; fileEncoding = 4; lastKnownFileType = sourcecode.c.objc; path = XFCameraViewController.m; sourceTree = "<group>"; };
/* End PBXFileReference section */

/* Begin PBXFrameworksBuildPhase section */
		78BCA12E1DAF5FB900006DF7 /* Frameworks */ = {
			isa = PBXFrameworksBuildPhase;
			buildActionMask = 2147483647;
			files = (
			);
			runOnlyForDeploymentPostprocessing = 0;
		};
/* End PBXFrameworksBuildPhase section */

/* Begin PBXGroup section */
		78BCA1281DAF5FB900006DF7 = {
			isa = PBXGroup;
			children = (
				78BCA1331DAF5FB900006DF7 /* XFCamera */,
				78BCA1321DAF5FB900006DF7 /* Products */,
			);
			sourceTree = "<group>";
		};
		78BCA1321DAF5FB900006DF7 /* Products */ = {
			isa = PBXGroup;
			children = (
				78BCA1311DAF5FB900006DF7 /* XFCamera.app */,
			);
			name = Products;
			sourceTree = "<group>";
		};
		78BCA1331DAF5FB900006DF7 /* XFCamera */ = {
			isa = PBXGroup;
			children = (
				78BCA1371DAF5FB900006DF7 /* AppDelegate.h */,
				78BCA1381DAF5FB900006DF7 /* AppDelegate.m */,
				78BFF7701DB0628100BDECB7 /* XFCameraViewController.h */,
				78BFF7711DB0628100BDECB7 /* XFCameraViewController.m */,
				78BCA13D1DAF5FB900006DF7 /* XFCameraViewController.storyboard */,
				01FA29DA20993E6A00261423 /* XFCameraPemission.h */,
				01FA29D920993E6A00261423 /* XFCameraPemission.m */,
				78BCA14B1DAF711000006DF7 /* XFConfirmViewController.h */,
				78BCA14C1DAF711000006DF7 /* XFConfirmViewController.m */,
				78BCA14D1DAF711000006DF7 /* XFConfirmViewController.xib */,
				78BCA1401DAF5FB900006DF7 /* Assets.xcassets */,
				78BCA1421DAF5FB900006DF7 /* LaunchScreen.storyboard */,
				78BCA1451DAF5FB900006DF7 /* Info.plist */,
				78BCA1341DAF5FB900006DF7 /* Supporting Files */,
			);
			path = XFCamera;
			sourceTree = "<group>";
		};
		78BCA1341DAF5FB900006DF7 /* Supporting Files */ = {
			isa = PBXGroup;
			children = (
				78BCA1351DAF5FB900006DF7 /* main.m */,
			);
			name = "Supporting Files";
			sourceTree = "<group>";
		};
/* End PBXGroup section */

/* Begin PBXNativeTarget section */
		78BCA1301DAF5FB900006DF7 /* XFCamera */ = {
			isa = PBXNativeTarget;
			buildConfigurationList = 78BCA1481DAF5FB900006DF7 /* Build configuration list for PBXNativeTarget "XFCamera" */;
			buildPhases = (
				78BCA12D1DAF5FB900006DF7 /* Sources */,
				78BCA12E1DAF5FB900006DF7 /* Frameworks */,
				78BCA12F1DAF5FB900006DF7 /* Resources */,
			);
			buildRules = (
			);
			dependencies = (
			);
			name = XFCamera;
			productName = XFCamera;
			productReference = 78BCA1311DAF5FB900006DF7 /* XFCamera.app */;
			productType = "com.apple.product-type.application";
		};
/* End PBXNativeTarget section */

/* Begin PBXProject section */
		78BCA1291DAF5FB900006DF7 /* Project object */ = {
			isa = PBXProject;
			attributes = {
				LastUpgradeCheck = 0800;
				ORGANIZATIONNAME = ZKXC;
				TargetAttributes = {
					78BCA1301DAF5FB900006DF7 = {
						CreatedOnToolsVersion = 8.0;
						DevelopmentTeam = 46DQRF4F5M;
						ProvisioningStyle = Automatic;
					};
				};
			};
			buildConfigurationList = 78BCA12C1DAF5FB900006DF7 /* Build configuration list for PBXProject "XFCamera" */;
			compatibilityVersion = "Xcode 3.2";
			developmentRegion = English;
			hasScannedForEncodings = 0;
			knownRegions = (
				en,
				Base,
			);
			mainGroup = 78BCA1281DAF5FB900006DF7;
			productRefGroup = 78BCA1321DAF5FB900006DF7 /* Products */;
			projectDirPath = "";
			projectRoot = "";
			targets = (
				78BCA1301DAF5FB900006DF7 /* XFCamera */,
			);
		};
/* End PBXProject section */

/* Begin PBXResourcesBuildPhase section */
		78BCA12F1DAF5FB900006DF7 /* Resources */ = {
			isa = PBXResourcesBuildPhase;
			buildActionMask = 2147483647;
			files = (
				78BCA1441DAF5FB900006DF7 /* LaunchScreen.storyboard in Resources */,
				78BCA1411DAF5FB900006DF7 /* Assets.xcassets in Resources */,
				78BCA13F1DAF5FB900006DF7 /* XFCameraViewController.storyboard in Resources */,
				78BCA14F1DAF711000006DF7 /* XFConfirmViewController.xib in Resources */,
			);
			runOnlyForDeploymentPostprocessing = 0;
		};
/* End PBXResourcesBuildPhase section */

/* Begin PBXSourcesBuildPhase section */
		78BCA12D1DAF5FB900006DF7 /* Sources */ = {
			isa = PBXSourcesBuildPhase;
			buildActionMask = 2147483647;
			files = (
				78BCA1391DAF5FB900006DF7 /* AppDelegate.m in Sources */,
				78BFF7721DB0628100BDECB7 /* XFCameraViewController.m in Sources */,
				01FA29DB20993E6B00261423 /* XFCameraPemission.m in Sources */,
				78BCA1361DAF5FB900006DF7 /* main.m in Sources */,
				78BCA14E1DAF711000006DF7 /* XFConfirmViewController.m in Sources */,
			);
			runOnlyForDeploymentPostprocessing = 0;
		};
/* End PBXSourcesBuildPhase section */

/* Begin PBXVariantGroup section */
		78BCA13D1DAF5FB900006DF7 /* XFCameraViewController.storyboard */ = {
			isa = PBXVariantGroup;
			children = (
				78BCA13E1DAF5FB900006DF7 /* Base */,
			);
			name = XFCameraViewController.storyboard;
			sourceTree = "<group>";
		};
		78BCA1421DAF5FB900006DF7 /* LaunchScreen.storyboard */ = {
			isa = PBXVariantGroup;
			children = (
				78BCA1431DAF5FB900006DF7 /* Base */,
			);
			name = LaunchScreen.storyboard;
			sourceTree = "<group>";
		};
/* End PBXVariantGroup section */

/* Begin XCBuildConfiguration section */
		78BCA1461DAF5FB900006DF7 /* Debug */ = {
			isa = XCBuildConfiguration;
			buildSettings = {
				ALWAYS_SEARCH_USER_PATHS = NO;
				CLANG_ANALYZER_NONNULL = YES;
				CLANG_CXX_LANGUAGE_STANDARD = "gnu++0x";
				CLANG_CXX_LIBRARY = "libc++";
				CLANG_ENABLE_MODULES = YES;
				CLANG_ENABLE_OBJC_ARC = YES;
				CLANG_WARN_BOOL_CONVERSION = YES;
				CLANG_WARN_CONSTANT_CONVERSION = YES;
				CLANG_WARN_DIRECT_OBJC_ISA_USAGE = YES_ERROR;
				CLANG_WARN_DOCUMENTATION_COMMENTS = YES;
				CLANG_WARN_EMPTY_BODY = YES;
				CLANG_WARN_ENUM_CONVERSION = YES;
				CLANG_WARN_INFINITE_RECURSION = YES;
				CLANG_WARN_INT_CONVERSION = YES;
				CLANG_WARN_OBJC_ROOT_CLASS = YES_ERROR;
				CLANG_WARN_SUSPICIOUS_MOVES = YES;
				CLANG_WARN_UNREACHABLE_CODE = YES;
				CLANG_WARN__DUPLICATE_METHOD_MATCH = YES;
				"CODE_SIGN_IDENTITY[sdk=iphoneos*]" = "iPhone Developer";
				COPY_PHASE_STRIP = NO;
				DEBUG_INFORMATION_FORMAT = dwarf;
				ENABLE_STRICT_OBJC_MSGSEND = YES;
				ENABLE_TESTABILITY = YES;
				GCC_C_LANGUAGE_STANDARD = gnu99;
				GCC_DYNAMIC_NO_PIC = NO;
				GCC_NO_COMMON_BLOCKS = YES;
				GCC_OPTIMIZATION_LEVEL = 0;
				GCC_PREPROCESSOR_DEFINITIONS = (
					"DEBUG=1",
					"$(inherited)",
				);
				GCC_WARN_64_TO_32_BIT_CONVERSION = YES;
				GCC_WARN_ABOUT_RETURN_TYPE = YES_ERROR;
				GCC_WARN_UNDECLARED_SELECTOR = YES;
				GCC_WARN_UNINITIALIZED_AUTOS = YES_AGGRESSIVE;
				GCC_WARN_UNUSED_FUNCTION = YES;
				GCC_WARN_UNUSED_VARIABLE = YES;
				IPHONEOS_DEPLOYMENT_TARGET = 10.0;
				MTL_ENABLE_DEBUG_INFO = YES;
				ONLY_ACTIVE_ARCH = YES;
				SDKROOT = iphoneos;
				TARGETED_DEVICE_FAMILY = "1,2";
			};
			name = Debug;
		};
		78BCA1471DAF5FB900006DF7 /* Release */ = {
			isa = XCBuildConfiguration;
			buildSettings = {
				ALWAYS_SEARCH_USER_PATHS = NO;
				CLANG_ANALYZER_NONNULL = YES;
				CLANG_CXX_LANGUAGE_STANDARD = "gnu++0x";
				CLANG_CXX_LIBRARY = "libc++";
				CLANG_ENABLE_MODULES = YES;
				CLANG_ENABLE_OBJC_ARC = YES;
				CLANG_WARN_BOOL_CONVERSION = YES;
				CLANG_WARN_CONSTANT_CONVERSION = YES;
				CLANG_WARN_DIRECT_OBJC_ISA_USAGE = YES_ERROR;
				CLANG_WARN_DOCUMENTATION_COMMENTS = YES;
				CLANG_WARN_EMPTY_BODY = YES;
				CLANG_WARN_ENUM_CONVERSION = YES;
				CLANG_WARN_INFINITE_RECURSION = YES;
				CLANG_WARN_INT_CONVERSION = YES;
				CLANG_WARN_OBJC_ROOT_CLASS = YES_ERROR;
				CLANG_WARN_SUSPICIOUS_MOVES = YES;
				CLANG_WARN_UNREACHABLE_CODE = YES;
				CLANG_WARN__DUPLICATE_METHOD_MATCH = YES;
				"CODE_SIGN_IDENTITY[sdk=iphoneos*]" = "iPhone Developer";
				COPY_PHASE_STRIP = NO;
				DEBUG_INFORMATION_FORMAT = "dwarf-with-dsym";
				ENABLE_NS_ASSERTIONS = NO;
				ENABLE_STRICT_OBJC_MSGSEND = YES;
				GCC_C_LANGUAGE_STANDARD = gnu99;
				GCC_NO_COMMON_BLOCKS = YES;
				GCC_WARN_64_TO_32_BIT_CONVERSION = YES;
				GCC_WARN_ABOUT_RETURN_TYPE = YES_ERROR;
				GCC_WARN_UNDECLARED_SELECTOR = YES;
				GCC_WARN_UNINITIALIZED_AUTOS = YES_AGGRESSIVE;
				GCC_WARN_UNUSED_FUNCTION = YES;
				GCC_WARN_UNUSED_VARIABLE = YES;
				IPHONEOS_DEPLOYMENT_TARGET = 10.0;
				MTL_ENABLE_DEBUG_INFO = NO;
				SDKROOT = iphoneos;
				TARGETED_DEVICE_FAMILY = "1,2";
				VALIDATE_PRODUCT = YES;
			};
			name = Release;
		};
		78BCA1491DAF5FB900006DF7 /* Debug */ = {
			isa = XCBuildConfiguration;
			buildSettings = {
				ASSETCATALOG_COMPILER_APPICON_NAME = AppIcon;
				DEVELOPMENT_TEAM = 46DQRF4F5M;
				INFOPLIST_FILE = XFCamera/Info.plist;
				IPHONEOS_DEPLOYMENT_TARGET = 8.0;
				LD_RUNPATH_SEARCH_PATHS = "$(inherited) @executable_path/Frameworks";
				PRODUCT_BUNDLE_IDENTIFIER = "www.zk-xc.com.XFCamera";
				PRODUCT_NAME = "$(TARGET_NAME)";
			};
			name = Debug;
		};
		78BCA14A1DAF5FB900006DF7 /* Release */ = {
			isa = XCBuildConfiguration;
			buildSettings = {
				ASSETCATALOG_COMPILER_APPICON_NAME = AppIcon;
				DEVELOPMENT_TEAM = 46DQRF4F5M;
				INFOPLIST_FILE = XFCamera/Info.plist;
				IPHONEOS_DEPLOYMENT_TARGET = 8.0;
				LD_RUNPATH_SEARCH_PATHS = "$(inherited) @executable_path/Frameworks";
				PRODUCT_BUNDLE_IDENTIFIER = "www.zk-xc.com.XFCamera";
				PRODUCT_NAME = "$(TARGET_NAME)";
			};
			name = Release;
		};
/* End XCBuildConfiguration section */

/* Begin XCConfigurationList section */
		78BCA12C1DAF5FB900006DF7 /* Build configuration list for PBXProject "XFCamera" */ = {
			isa = XCConfigurationList;
			buildConfigurations = (
				78BCA1461DAF5FB900006DF7 /* Debug */,
				78BCA1471DAF5FB900006DF7 /* Release */,
			);
			defaultConfigurationIsVisible = 0;
			defaultConfigurationName = Release;
		};
		78BCA1481DAF5FB900006DF7 /* Build configuration list for PBXNativeTarget "XFCamera" */ = {
			isa = XCConfigurationList;
			buildConfigurations = (
				78BCA1491DAF5FB900006DF7 /* Debug */,
				78BCA14A1DAF5FB900006DF7 /* Release */,
			);
			defaultConfigurationIsVisible = 0;
			defaultConfigurationName = Release;
		};
/* End XCConfigurationList section */
	};
	rootObject = 78BCA1291DAF5FB900006DF7 /* Project object */;
}
